
Microsoft Visual Studio Solution File, Format Version 12.00
# Visual Studio Version 17
VisualStudioVersion = 17.8.34330.188
MinimumVisualStudioVersion = 10.0.40219.1
Project("{FAE04EC0-301F-11D3-BF4B-00C04F79EFBC}") = "RSP.Data", "RSP.Data\RSP.Data.csproj", "{457B6428-BF51-4967-AD79-83F1E238652A}"
EndProject
Project("{FAE04EC0-301F-11D3-BF4B-00C04F79EFBC}") = "RSP.Services", "RSP.Services\RSP.Services.csproj", "{BED7CCB1-04A9-4341-A1B6-8759A32BE607}"
EndProject
Project("{FAE04EC0-301F-11D3-BF4B-00C04F79EFBC}") = "RSP.API", "RSP.API\RSP.API.csproj", "{C2781465-30E6-4BA2-9207-33DE05763AFD}"
EndProject
Global
	GlobalSection(SolutionConfigurationPlatforms) = preSolution
		Debug|Any CPU = Debug|Any CPU
		Release|Any CPU = Release|Any CPU
	EndGlobalSection
	GlobalSection(ProjectConfigurationPlatforms) = postSolution
		{457B6428-BF51-4967-AD79-83F1E238652A}.Debug|Any CPU.ActiveCfg = Debug|Any CPU
		{457B6428-BF51-4967-AD79-83F1E238652A}.Debug|Any CPU.Build.0 = Debug|Any CPU
		{457B6428-BF51-4967-AD79-83F1E238652A}.Release|Any CPU.ActiveCfg = Release|Any CPU
		{457B6428-BF51-4967-AD79-83F1E238652A}.Release|Any CPU.Build.0 = Release|Any CPU
		{BED7CCB1-04A9-4341-A1B6-8759A32BE607}.Debug|Any CPU.ActiveCfg = Debug|Any CPU
		{BED7CCB1-04A9-4341-A1B6-8759A32BE607}.Debug|Any CPU.Build.0 = Debug|Any CPU
		{BED7CCB1-04A9-4341-A1B6-8759A32BE607}.Release|Any CPU.ActiveCfg = Release|Any CPU
		{BED7CCB1-04A9-4341-A1B6-8759A32BE607}.Release|Any CPU.Build.0 = Release|Any CPU
		{C2781465-30E6-4BA2-9207-33DE05763AFD}.Debug|Any CPU.ActiveCfg = Debug|Any CPU
		{C2781465-30E6-4BA2-9207-33DE05763AFD}.Debug|Any CPU.Build.0 = Debug|Any CPU
		{C2781465-30E6-4BA2-9207-33DE05763AFD}.Release|Any CPU.ActiveCfg = Release|Any CPU
		{C2781465-30E6-4BA2-9207-33DE05763AFD}.Release|Any CPU.Build.0 = Release|Any CPU
	EndGlobalSection
	GlobalSection(SolutionProperties) = preSolution
		HideSolutionNode = FALSE
	EndGlobalSection
	GlobalSection(ExtensibilityGlobals) = postSolution
		SolutionGuid = {30C7865C-EEFF-43A8-8780-0DF430F6071C}
	EndGlobalSection
EndGlobal
